# This file is automatically @generated by Cargo.
# It is not intended for manual editing.
[[package]]
name = "figlet-rs"
version = "0.1.3"
source = "registry+https://github.com/rust-lang/crates.io-index"
checksum = "59893843a423e9726b35a3110cd2be573bc9deddc553b0ff286107189b02d1aa"

[[package]]
name = "rust-figlet"
version = "0.1.0"
dependencies = [
 "figlet-rs",
]
